<?xml version="1.0" encoding="utf-8"?>
<Project ToolsVersion="4.0" xmlns="http://schemas.microsoft.com/developer/msbuild/2003">
  <ItemGroup>
    <Filter Include="Source Files">
      <UniqueIdentifier>{4FC737F1-C7A5-4376-A066-2A32D752A2FF}</UniqueIdentifier>
      <Extensions>cpp;c;cc;cxx;def;odl;idl;hpj;bat;asm;asmx</Extensions>
    </Filter>
    <Filter Include="Header Files">
      <UniqueIdentifier>{93995380-89BD-4b04-88EB-625FBE52EBFB}</UniqueIdentifier>
      <Extensions>h;hh;hpp;hxx;hm;inl;inc;xsd</Extensions>
    </Filter>
  </ItemGroup>
  <ItemGroup>
    <ClCompile Include="ast_declaration.cpp">
      <Filter>Source Files</Filter>
    </ClCompile>
    <ClCompile Include="ast_expression.cpp">
      <Filter>Source Files</Filter>
    </ClCompile>
    <ClCompile Include="ast_script.cpp">
      <Filter>Source Files</Filter>
    </ClCompile>
    <ClCompile Include="ast_statement.cpp">
      <Filter>Source Files</Filter>
    </ClCompile>
    <ClCompile Include="ast_type.cpp">
      <Filter>Source Files</Filter>
    </ClCompile>
    <ClCompile Include="common.cpp">
      <Filter>Source Files</Filter>
    </ClCompile>
    <ClCompile Include="csyngen.cpp">
      <Filter>Source Files</Filter>
    </ClCompile>
    <ClCompile Include="gc.cpp">
      <Filter>Source Files</Filter>
    </ClCompile>
    <ClCompile Include="sample.cpp">
      <Filter>Source Files</Filter>
    </ClCompile>
    <ClCompile Include="scanner.cpp">
      <Filter>Source Files</Filter>
    </ClCompile>
    <ClCompile Include="scope.cpp">
      <Filter>Source Files</Filter>
    </ClCompile>
    <ClCompile Include="value.cpp">
      <Filter>Source Files</Filter>
    </ClCompile>
    <ClCompile Include="op.cpp">
      <Filter>Source Files</Filter>
    </ClCompile>
    <ClCompile Include="name.cpp">
      <Filter>Source Files</Filter>
    </ClCompile>
    <ClCompile Include="sysclass.cpp">
      <Filter>Source Files</Filter>
    </ClCompile>
    <ClCompile Include="value_core.cpp">
      <Filter>Source Files</Filter>
    </ClCompile>
    <ClCompile Include="stacktrace.cpp">
      <Filter>Source Files</Filter>
    </ClCompile>
    <ClCompile Include="sysvalue.cpp">
      <Filter>Source Files</Filter>
    </ClCompile>
    <ClCompile Include="sysclassbld.cpp">
      <Filter>Source Files</Filter>
    </ClCompile>
    <ClCompile Include="api.cpp">
      <Filter>Source Files</Filter>
    </ClCompile>
    <ClCompile Include="api_basic.cpp">
      <Filter>Source Files</Filter>
    </ClCompile>
    <ClCompile Include="api_file.cpp">
      <Filter>Source Files</Filter>
    </ClCompile>
    <ClCompile Include="api_io.cpp">
      <Filter>Source Files</Filter>
    </ClCompile>
    <ClCompile Include="api_socket.cpp">
      <Filter>Source Files</Filter>
    </ClCompile>
    <ClCompile Include="gc_vector.cpp">
      <Filter>Source Files</Filter>
    </ClCompile>
    <ClCompile Include="script.cpp">
      <Filter>Source Files</Filter>
    </ClCompile>
    <ClCompile Include="api_collection.cpp">
      <Filter>Source Files</Filter>
    </ClCompile>
    <ClCompile Include="gc_hashmap.cpp">
      <Filter>Source Files</Filter>
    </ClCompile>
    <ClCompile Include="api_execute.cpp">
      <Filter>Source Files</Filter>
    </ClCompile>
    <ClCompile Include="value_util.cpp">
      <Filter>Source Files</Filter>
    </ClCompile>
    <ClCompile Include="basetype.cpp">
      <Filter>Source Files</Filter>
    </ClCompile>
    <ClCompile Include="platform_windows.cpp">
      <Filter>Source Files</Filter>
    </ClCompile>
    <ClCompile Include="platform_file_windows.cpp">
      <Filter>Source Files</Filter>
    </ClCompile>
    <ClCompile Include="platform_socket_windows.cpp">
      <Filter>Source Files</Filter>
    </ClCompile>
    <ClCompile Include="platform_linux.cpp">
      <Filter>Source Files</Filter>
    </ClCompile>
    <ClCompile Include="platform_file_linux.cpp">
      <Filter>Source Files</Filter>
    </ClCompile>
    <ClCompile Include="platform_file_common.cpp">
      <Filter>Source Files</Filter>
    </ClCompile>
    <ClCompile Include="stringex.cpp">
      <Filter>Source Files</Filter>
    </ClCompile>
    <ClCompile Include="platform_socket_common.cpp">
      <Filter>Source Files</Filter>
    </ClCompile>
  </ItemGroup>
  <ItemGroup>
    <ClInclude Include="ast.h">
      <Filter>Header Files</Filter>
    </ClInclude>
    <ClInclude Include="ast__dec.h">
      <Filter>Header Files</Filter>
    </ClInclude>
    <ClInclude Include="ast_combined.h">
      <Filter>Header Files</Filter>
    </ClInclude>
    <ClInclude Include="ast_declaration.h">
      <Filter>Header Files</Filter>
    </ClInclude>
    <ClInclude Include="ast_expression.h">
      <Filter>Header Files</Filter>
    </ClInclude>
    <ClInclude Include="ast_script.h">
      <Filter>Header Files</Filter>
    </ClInclude>
    <ClInclude Include="ast_statement.h">
      <Filter>Header Files</Filter>
    </ClInclude>
    <ClInclude Include="ast_type.h">
      <Filter>Header Files</Filter>
    </ClInclude>
    <ClInclude Include="common.h">
      <Filter>Header Files</Filter>
    </ClInclude>
    <ClInclude Include="csyngen.h">
      <Filter>Header Files</Filter>
    </ClInclude>
    <ClInclude Include="dbllist.h">
      <Filter>Header Files</Filter>
    </ClInclude>
    <ClInclude Include="gc.h">
      <Filter>Header Files</Filter>
    </ClInclude>
    <ClInclude Include="platform.h">
      <Filter>Header Files</Filter>
    </ClInclude>
    <ClInclude Include="scanner.h">
      <Filter>Header Files</Filter>
    </ClInclude>
    <ClInclude Include="util.h">
      <Filter>Header Files</Filter>
    </ClInclude>
    <ClInclude Include="scope.h">
      <Filter>Header Files</Filter>
    </ClInclude>
    <ClInclude Include="value.h">
      <Filter>Header Files</Filter>
    </ClInclude>
    <ClInclude Include="value__dec.h">
      <Filter>Header Files</Filter>
    </ClInclude>
    <ClInclude Include="op.h">
      <Filter>Header Files</Filter>
    </ClInclude>
    <ClInclude Include="name.h">
      <Filter>Header Files</Filter>
    </ClInclude>
    <ClInclude Include="sysclass.h">
      <Filter>Header Files</Filter>
    </ClInclude>
    <ClInclude Include="value_core.h">
      <Filter>Header Files</Filter>
    </ClInclude>
    <ClInclude Include="sysclass__dec.h">
      <Filter>Header Files</Filter>
    </ClInclude>
    <ClInclude Include="stacktrace.h">
      <Filter>Header Files</Filter>
    </ClInclude>
    <ClInclude Include="scope__dec.h">
      <Filter>Header Files</Filter>
    </ClInclude>
    <ClInclude Include="platform_file.h">
      <Filter>Header Files</Filter>
    </ClInclude>
    <ClInclude Include="sysvalue.h">
      <Filter>Header Files</Filter>
    </ClInclude>
    <ClInclude Include="sysclassbld.h">
      <Filter>Header Files</Filter>
    </ClInclude>
    <ClInclude Include="sysclass__int.h">
      <Filter>Header Files</Filter>
    </ClInclude>
    <ClInclude Include="sysclassbld__imp.h">
      <Filter>Header Files</Filter>
    </ClInclude>
    <ClInclude Include="api.h">
      <Filter>Header Files</Filter>
    </ClInclude>
    <ClInclude Include="api_io.h">
      <Filter>Header Files</Filter>
    </ClInclude>
    <ClInclude Include="api__dec.h">
      <Filter>Header Files</Filter>
    </ClInclude>
    <ClInclude Include="api_basic.h">
      <Filter>Header Files</Filter>
    </ClInclude>
    <ClInclude Include="platform_socket.h">
      <Filter>Header Files</Filter>
    </ClInclude>
    <ClInclude Include="name__dec.h">
      <Filter>Header Files</Filter>
    </ClInclude>
    <ClInclude Include="gc_vector.h">
      <Filter>Header Files</Filter>
    </ClInclude>
    <ClInclude Include="script.h">
      <Filter>Header Files</Filter>
    </ClInclude>
    <ClInclude Include="gc_hashmap.h">
      <Filter>Header Files</Filter>
    </ClInclude>
    <ClInclude Include="api_collection.h">
      <Filter>Header Files</Filter>
    </ClInclude>
    <ClInclude Include="value_util.h">
      <Filter>Header Files</Filter>
    </ClInclude>
    <ClInclude Include="basetype.h">
      <Filter>Header Files</Filter>
    </ClInclude>
    <ClInclude Include="platform_file_common.h">
      <Filter>Header Files</Filter>
    </ClInclude>
    <ClInclude Include="stringex.h">
      <Filter>Header Files</Filter>
    </ClInclude>
    <ClInclude Include="stringex__dec.h">
      <Filter>Header Files</Filter>
    </ClInclude>
    <ClInclude Include="platform_socket_windows.h">
      <Filter>Header Files</Filter>
    </ClInclude>
    <ClInclude Include="platform_socket_linux.h">
      <Filter>Header Files</Filter>
    </ClInclude>
    <ClInclude Include="noncopyable.h">
      <Filter>Header Files</Filter>
    </ClInclude>
  </ItemGroup>
  <ItemGroup>
    <CustomBuild Include="grammar.txt" />
  </ItemGroup>
</Project>