<?xml version="1.0" encoding="utf-8"?>
<Project ToolsVersion="4.0" xmlns="http://schemas.microsoft.com/developer/msbuild/2003">
  <ItemGroup>
    <Filter Include="Source Files">
      <UniqueIdentifier>{4FC737F1-C7A5-4376-A066-2A32D752A2FF}</UniqueIdentifier>
      <Extensions>cpp;c;cc;cxx;def;odl;idl;hpj;bat;asm;asmx</Extensions>
    </Filter>
    <Filter Include="Header Files">
      <UniqueIdentifier>{93995380-89BD-4b04-88EB-625FBE52EBFB}</UniqueIdentifier>
      <Extensions>h;hh;hpp;hxx;hm;inl;inc;xsd</Extensions>
    </Filter>
  </ItemGroup>
  <ItemGroup>
    <ClCompile Include="action.cpp">
      <Filter>Source Files</Filter>
    </ClCompile>
    <ClCompile Include="action_factory.cpp">
      <Filter>Source Files</Filter>
    </ClCompile>
    <ClCompile Include="cmdline.cpp">
      <Filter>Source Files</Filter>
    </ClCompile>
    <ClCompile Include="codegen.cpp">
      <Filter>Source Files</Filter>
    </ClCompile>
    <ClCompile Include="codegen_action.cpp">
      <Filter>Source Files</Filter>
    </ClCompile>
    <ClCompile Include="commons.cpp">
      <Filter>Source Files</Filter>
    </ClCompile>
    <ClCompile Include="concretelrgen.cpp">
      <Filter>Source Files</Filter>
    </ClCompile>
    <ClCompile Include="concretescan.cpp">
      <Filter>Source Files</Filter>
    </ClCompile>
    <ClCompile Include="conversion.cpp">
      <Filter>Source Files</Filter>
    </ClCompile>
    <ClCompile Include="conversion_builder.cpp">
      <Filter>Source Files</Filter>
    </ClCompile>
    <ClCompile Include="converter.cpp">
      <Filter>Source Files</Filter>
    </ClCompile>
    <ClCompile Include="descriptor.cpp">
      <Filter>Source Files</Filter>
    </ClCompile>
    <ClCompile Include="descriptor_type.cpp">
      <Filter>Source Files</Filter>
    </ClCompile>
    <ClCompile Include="ebnf.cpp">
      <Filter>Source Files</Filter>
    </ClCompile>
    <ClCompile Include="ebnf_bld_attrs.cpp">
      <Filter>Source Files</Filter>
    </ClCompile>
    <ClCompile Include="ebnf_bld_gentype.cpp">
      <Filter>Source Files</Filter>
    </ClCompile>
    <ClCompile Include="ebnf_bld_name.cpp">
      <Filter>Source Files</Filter>
    </ClCompile>
    <ClCompile Include="ebnf_bld_recursion.cpp">
      <Filter>Source Files</Filter>
    </ClCompile>
    <ClCompile Include="ebnf_bld_type.cpp">
      <Filter>Source Files</Filter>
    </ClCompile>
    <ClCompile Include="ebnf_bld_void.cpp">
      <Filter>Source Files</Filter>
    </ClCompile>
    <ClCompile Include="ebnf_builder.cpp">
      <Filter>Source Files</Filter>
    </ClCompile>
    <ClCompile Include="ebnf_extension.cpp">
      <Filter>Source Files</Filter>
    </ClCompile>
    <ClCompile Include="grm_parser.cpp">
      <Filter>Source Files</Filter>
    </ClCompile>
    <ClCompile Include="grm_scanner.cpp">
      <Filter>Source Files</Filter>
    </ClCompile>
    <ClCompile Include="main.cpp">
      <Filter>Source Files</Filter>
    </ClCompile>
    <ClCompile Include="types.cpp">
      <Filter>Source Files</Filter>
    </ClCompile>
    <ClCompile Include="util_string.cpp">
      <Filter>Source Files</Filter>
    </ClCompile>
  </ItemGroup>
  <ItemGroup>
    <ClInclude Include="action.h">
      <Filter>Header Files</Filter>
    </ClInclude>
    <ClInclude Include="action__dec.h">
      <Filter>Header Files</Filter>
    </ClInclude>
    <ClInclude Include="action_factory.h">
      <Filter>Header Files</Filter>
    </ClInclude>
    <ClInclude Include="bnf.h">
      <Filter>Header Files</Filter>
    </ClInclude>
    <ClInclude Include="cmdline.h">
      <Filter>Header Files</Filter>
    </ClInclude>
    <ClInclude Include="codegen.h">
      <Filter>Header Files</Filter>
    </ClInclude>
    <ClInclude Include="codegen_action.h">
      <Filter>Header Files</Filter>
    </ClInclude>
    <ClInclude Include="commons.h">
      <Filter>Header Files</Filter>
    </ClInclude>
    <ClInclude Include="concrete_bnf.h">
      <Filter>Header Files</Filter>
    </ClInclude>
    <ClInclude Include="concrete_lr.h">
      <Filter>Header Files</Filter>
    </ClInclude>
    <ClInclude Include="concretelrgen.h">
      <Filter>Header Files</Filter>
    </ClInclude>
    <ClInclude Include="concretelrgen_res.h">
      <Filter>Header Files</Filter>
    </ClInclude>
    <ClInclude Include="concretescan.h">
      <Filter>Header Files</Filter>
    </ClInclude>
    <ClInclude Include="conversion.h">
      <Filter>Header Files</Filter>
    </ClInclude>
    <ClInclude Include="conversion__dec.h">
      <Filter>Header Files</Filter>
    </ClInclude>
    <ClInclude Include="conversion_builder.h">
      <Filter>Header Files</Filter>
    </ClInclude>
    <ClInclude Include="converter.h">
      <Filter>Header Files</Filter>
    </ClInclude>
    <ClInclude Include="converter__dec.h">
      <Filter>Header Files</Filter>
    </ClInclude>
    <ClInclude Include="converter_res.h">
      <Filter>Header Files</Filter>
    </ClInclude>
    <ClInclude Include="descriptor.h">
      <Filter>Header Files</Filter>
    </ClInclude>
    <ClInclude Include="descriptor_type.h">
      <Filter>Header Files</Filter>
    </ClInclude>
    <ClInclude Include="ebnf__dec.h">
      <Filter>Header Files</Filter>
    </ClInclude>
    <ClInclude Include="ebnf__def.h">
      <Filter>Header Files</Filter>
    </ClInclude>
    <ClInclude Include="ebnf__imp.h">
      <Filter>Header Files</Filter>
    </ClInclude>
    <ClInclude Include="ebnf_bld_common.h">
      <Filter>Header Files</Filter>
    </ClInclude>
    <ClInclude Include="ebnf_bld_property.h">
      <Filter>Header Files</Filter>
    </ClInclude>
    <ClInclude Include="ebnf_builder.h">
      <Filter>Header Files</Filter>
    </ClInclude>
    <ClInclude Include="ebnf_builder_res.h">
      <Filter>Header Files</Filter>
    </ClInclude>
    <ClInclude Include="ebnf_extension__dec.h">
      <Filter>Header Files</Filter>
    </ClInclude>
    <ClInclude Include="ebnf_extension__def.h">
      <Filter>Header Files</Filter>
    </ClInclude>
    <ClInclude Include="ebnf_extension__imp.h">
      <Filter>Header Files</Filter>
    </ClInclude>
    <ClInclude Include="ebnf_visitor__dec.h">
      <Filter>Header Files</Filter>
    </ClInclude>
    <ClInclude Include="ebnf_visitor__def.h">
      <Filter>Header Files</Filter>
    </ClInclude>
    <ClInclude Include="ebnf_visitor__imp.h">
      <Filter>Header Files</Filter>
    </ClInclude>
    <ClInclude Include="grm_parser.h">
      <Filter>Header Files</Filter>
    </ClInclude>
    <ClInclude Include="grm_parser_impl.h">
      <Filter>Header Files</Filter>
    </ClInclude>
    <ClInclude Include="grm_parser_res.h">
      <Filter>Header Files</Filter>
    </ClInclude>
    <ClInclude Include="lrtables.h">
      <Filter>Header Files</Filter>
    </ClInclude>
    <ClInclude Include="main.h">
      <Filter>Header Files</Filter>
    </ClInclude>
    <ClInclude Include="primitives.h">
      <Filter>Header Files</Filter>
    </ClInclude>
    <ClInclude Include="raw_bnf.h">
      <Filter>Header Files</Filter>
    </ClInclude>
    <ClInclude Include="types.h">
      <Filter>Header Files</Filter>
    </ClInclude>
    <ClInclude Include="util.h">
      <Filter>Header Files</Filter>
    </ClInclude>
    <ClInclude Include="util_mptr.h">
      <Filter>Header Files</Filter>
    </ClInclude>
    <ClInclude Include="util_string.h">
      <Filter>Header Files</Filter>
    </ClInclude>
    <ClInclude Include="cntptr.h">
      <Filter>Header Files</Filter>
    </ClInclude>
    <ClInclude Include="noncopyable.h">
      <Filter>Header Files</Filter>
    </ClInclude>
  </ItemGroup>
</Project>